
Microsoft Visual Studio Solution File, Format Version 12.00
# Visual Studio 15
VisualStudioVersion = 15.0.28010.2050
MinimumVisualStudioVersion = 10.0.40219.1
Project("{FAE04EC0-301F-11D3-BF4B-00C04F79EFBC}") = "InstantPlans", "InstantPlans\InstantPlans.csproj", "{0C0314E0-2434-4B1D-913D-36538AAFAF5E}"
EndProject
Global
	GlobalSection(SolutionConfigurationPlatforms) = preSolution
		Debug|Any CPU = Debug|Any CPU
		Release|Any CPU = Release|Any CPU
	EndGlobalSection
	GlobalSection(ProjectConfigurationPlatforms) = postSolution
		{0C0314E0-2434-4B1D-913D-36538AAFAF5E}.Debug|Any CPU.ActiveCfg = Debug|Any CPU
		{0C0314E0-2434-4B1D-913D-36538AAFAF5E}.Debug|Any CPU.Build.0 = Debug|Any CPU
		{0C0314E0-2434-4B1D-913D-36538AAFAF5E}.Release|Any CPU.ActiveCfg = Release|Any CPU
		{0C0314E0-2434-4B1D-913D-36538AAFAF5E}.Release|Any CPU.Build.0 = Release|Any CPU
	EndGlobalSection
	GlobalSection(SolutionProperties) = preSolution
		HideSolutionNode = FALSE
	EndGlobalSection
	GlobalSection(ExtensibilityGlobals) = postSolution
		SolutionGuid = {D084FB80-610E-4656-AAB6-77AE756AD286}
	EndGlobalSection
EndGlobal
